
Microsoft Visual Studio Solution File, Format Version 12.00
# Visual Studio 15
VisualStudioVersion = 15.0.28307.329
MinimumVisualStudioVersion = 10.0.40219.1
Project("{FAE04EC0-301F-11D3-BF4B-00C04F79EFBC}") = "school", "school.csproj", "{BB083387-847A-4253-8162-B1E122032781}"
EndProject
Global
	GlobalSection(SolutionConfigurationPlatforms) = preSolution
		Debug|Any CPU = Debug|Any CPU
		Release|Any CPU = Release|Any CPU
	EndGlobalSection
	GlobalSection(ProjectConfigurationPlatforms) = postSolution
		{BB083387-847A-4253-8162-B1E122032781}.Debug|Any CPU.ActiveCfg = Debug|Any CPU
		{BB083387-847A-4253-8162-B1E122032781}.Debug|Any CPU.Build.0 = Debug|Any CPU
		{BB083387-847A-4253-8162-B1E122032781}.Release|Any CPU.ActiveCfg = Release|Any CPU
		{BB083387-847A-4253-8162-B1E122032781}.Release|Any CPU.Build.0 = Release|Any CPU
	EndGlobalSection
	GlobalSection(SolutionProperties) = preSolution
		HideSolutionNode = FALSE
	EndGlobalSection
	GlobalSection(ExtensibilityGlobals) = postSolution
		SolutionGuid = {84AF72FA-E2F9-4419-80E4-82E756EC72D9}
	EndGlobalSection
EndGlobal
